dependencies:
- name: mariadb
  repository: https://charts.bitnami.com/bitnami
  version: 11.1.8
- name: common
  repository: https://charts.bitnami.com/bitnami
  version: 2.0.1
digest: sha256:304e84f9e489e7b4c777e947cf8766c9800c7cb27ac14d1910341a1c9f2c951a
generated: "2022-08-26T19:40:27.39851+08:00"
